
Microsoft Visual Studio Solution File, Format Version 12.00
# Visual Studio 15
VisualStudioVersion = 15.0.27004.2009
MinimumVisualStudioVersion = 10.0.40219.1
Project("{FAE04EC0-301F-11D3-BF4B-00C04F79EFBC}") = "Lista", "ConsoleApp2\Lista.csproj", "{C61ED34C-4EDF-466A-89A3-F17C260825DE}"
EndProject
Project("{FAE04EC0-301F-11D3-BF4B-00C04F79EFBC}") = "ListTest", "XUnitTestProject1\ListTest.csproj", "{A55DC825-FBE1-49CB-BE7C-B8E62D219023}"
EndProject
Global
	GlobalSection(SolutionConfigurationPlatforms) = preSolution
		Debug|Any CPU = Debug|Any CPU
		Release|Any CPU = Release|Any CPU
	EndGlobalSection
	GlobalSection(ProjectConfigurationPlatforms) = postSolution
		{C61ED34C-4EDF-466A-89A3-F17C260825DE}.Debug|Any CPU.ActiveCfg = Debug|Any CPU
		{C61ED34C-4EDF-466A-89A3-F17C260825DE}.Debug|Any CPU.Build.0 = Debug|Any CPU
		{C61ED34C-4EDF-466A-89A3-F17C260825DE}.Release|Any CPU.ActiveCfg = Release|Any CPU
		{C61ED34C-4EDF-466A-89A3-F17C260825DE}.Release|Any CPU.Build.0 = Release|Any CPU
		{A55DC825-FBE1-49CB-BE7C-B8E62D219023}.Debug|Any CPU.ActiveCfg = Debug|Any CPU
		{A55DC825-FBE1-49CB-BE7C-B8E62D219023}.Debug|Any CPU.Build.0 = Debug|Any CPU
		{A55DC825-FBE1-49CB-BE7C-B8E62D219023}.Release|Any CPU.ActiveCfg = Release|Any CPU
		{A55DC825-FBE1-49CB-BE7C-B8E62D219023}.Release|Any CPU.Build.0 = Release|Any CPU
	EndGlobalSection
	GlobalSection(SolutionProperties) = preSolution
		HideSolutionNode = FALSE
	EndGlobalSection
	GlobalSection(ExtensibilityGlobals) = postSolution
		SolutionGuid = {C3217D05-F973-430F-B5AA-F6A4C4604922}
	EndGlobalSection
EndGlobal
